<?xml version="1.0" encoding="utf-8"?>
<Project ToolsVersion="4.0" xmlns="http://schemas.microsoft.com/developer/msbuild/2003">
  <ItemGroup>
    <Filter Include="Source Files">
      <UniqueIdentifier>{4FC737F1-C7A5-4376-A066-2A32D752A2FF}</UniqueIdentifier>
      <Extensions>cpp;c;cc;cxx;c++;cppm;ixx;def;odl;idl;hpj;bat;asm;asmx</Extensions>
    </Filter>
    <Filter Include="Header Files">
      <UniqueIdentifier>{93995380-89BD-4b04-88EB-625FBE52EBFB}</UniqueIdentifier>
      <Extensions>h;hh;hpp;hxx;h++;hm;inl;inc;ipp;xsd</Extensions>
    </Filter>
    <Filter Include="Resource Files">
      <UniqueIdentifier>{67DA6AB6-F800-4c08-8B7A-83BB121AAD01}</UniqueIdentifier>
      <Extensions>rc;ico;cur;bmp;dlg;rc2;rct;bin;rgs;gif;jpg;jpeg;jpe;resx;tiff;tif;png;wav;mfcribbon-ms</Extensions>
    </Filter>
    <Filter Include="Resource Files\Shaders">
      <UniqueIdentifier>{168b204a-900a-451f-9e4e-4c902f7d2734}</UniqueIdentifier>
    </Filter>
    <Filter Include="Source Files\Core">
      <UniqueIdentifier>{41362ac5-cdf5-42bd-bacc-17184874d60e}</UniqueIdentifier>
    </Filter>
    <Filter Include="Header Files\Core">
      <UniqueIdentifier>{e7268e97-3c4d-4983-a6ca-109de82464f4}</UniqueIdentifier>
    </Filter>
    <Filter Include="Header Files\Scene">
      <UniqueIdentifier>{dc11289c-85ca-4257-8f4f-01a77d2bed96}</UniqueIdentifier>
    </Filter>
    <Filter Include="Source Files\Scene">
      <UniqueIdentifier>{9992ce60-9a20-403a-9f04-910cfda581cf}</UniqueIdentifier>
    </Filter>
    <Filter Include="Header Files\ECS">
      <UniqueIdentifier>{55a699df-96ea-4de0-82c4-228673fa686d}</UniqueIdentifier>
    </Filter>
    <Filter Include="Header Files\Components">
      <UniqueIdentifier>{d4f180f9-66c5-40cb-9ccb-c6484f2a24e0}</UniqueIdentifier>
    </Filter>
    <Filter Include="Header Files\Components\Collision">
      <UniqueIdentifier>{5cf1456c-2932-42a3-92b2-c353d1083f25}</UniqueIdentifier>
    </Filter>
    <Filter Include="Source Files\ECS">
      <UniqueIdentifier>{3ab70d14-3cdc-4e55-96ad-6b33ead1b568}</UniqueIdentifier>
    </Filter>
    <Filter Include="Header Files\EntityBehaviours">
      <UniqueIdentifier>{bf78b86f-74fc-427c-97df-8e920984908a}</UniqueIdentifier>
    </Filter>
  </ItemGroup>
  <ItemGroup>
    <ClCompile Include="main.cpp">
      <Filter>Source Files</Filter>
    </ClCompile>
    <ClCompile Include="Display.cpp">
      <Filter>Source Files</Filter>
    </ClCompile>
    <ClCompile Include="Mesh.cpp">
      <Filter>Source Files</Filter>
    </ClCompile>
    <ClCompile Include="Shader.cpp">
      <Filter>Source Files</Filter>
    </ClCompile>
    <ClCompile Include="Camera.cpp">
      <Filter>Source Files</Filter>
    </ClCompile>
    <ClCompile Include="VBO.cpp">
      <Filter>Source Files\Core</Filter>
    </ClCompile>
    <ClCompile Include="VAO.cpp">
      <Filter>Source Files\Core</Filter>
    </ClCompile>
    <ClCompile Include="EBO.cpp">
      <Filter>Source Files\Core</Filter>
    </ClCompile>
    <ClCompile Include="dependencies\include\glad.c">
      <Filter>Source Files\Core</Filter>
    </ClCompile>
    <ClCompile Include="SceneManager.cpp">
      <Filter>Source Files\Scene</Filter>
    </ClCompile>
    <ClCompile Include="FullScreenPass.cpp">
      <Filter>Source Files</Filter>
    </ClCompile>
    <ClCompile Include="stb.cpp">
      <Filter>Source Files\Core</Filter>
    </ClCompile>
    <ClCompile Include="Scene.cpp">
      <Filter>Source Files\Scene</Filter>
    </ClCompile>
    <ClCompile Include="EntityBehaviour.cpp">
      <Filter>Source Files\ECS</Filter>
    </ClCompile>
  </ItemGroup>
  <ItemGroup>
    <ClInclude Include="Display.h">
      <Filter>Header Files</Filter>
    </ClInclude>
    <ClInclude Include="Mesh.h">
      <Filter>Header Files</Filter>
    </ClInclude>
    <ClInclude Include="Shader.h">
      <Filter>Header Files</Filter>
    </ClInclude>
    <ClInclude Include="Camera.h">
      <Filter>Header Files</Filter>
    </ClInclude>
    <ClInclude Include="VBO.h">
      <Filter>Header Files\Core</Filter>
    </ClInclude>
    <ClInclude Include="VAO.h">
      <Filter>Header Files\Core</Filter>
    </ClInclude>
    <ClInclude Include="EBO.h">
      <Filter>Header Files\Core</Filter>
    </ClInclude>
    <ClInclude Include="DeltaTime.h">
      <Filter>Header Files\Core</Filter>
    </ClInclude>
    <ClInclude Include="Vertex.h">
      <Filter>Header Files\Core</Filter>
    </ClInclude>
    <ClInclude Include="Constants.h">
      <Filter>Header Files\Core</Filter>
    </ClInclude>
    <ClInclude Include="Material.h">
      <Filter>Header Files</Filter>
    </ClInclude>
    <ClInclude Include="Scene.h">
      <Filter>Header Files\Scene</Filter>
    </ClInclude>
    <ClInclude Include="SceneManager.h">
      <Filter>Header Files\Scene</Filter>
    </ClInclude>
    <ClInclude Include="FullScreenPass.h">
      <Filter>Header Files</Filter>
    </ClInclude>
    <ClInclude Include="Collider.h">
      <Filter>Header Files\Components\Collision</Filter>
    </ClInclude>
    <ClInclude Include="SphereCollider.h">
      <Filter>Header Files\Components\Collision</Filter>
    </ClInclude>
    <ClInclude Include="Entity.h">
      <Filter>Header Files\ECS</Filter>
    </ClInclude>
    <ClInclude Include="Transform.h">
      <Filter>Header Files\Components</Filter>
    </ClInclude>
    <ClInclude Include="MeshRenderer.h">
      <Filter>Header Files\Components</Filter>
    </ClInclude>
    <ClInclude Include="RigidBody.h">
      <Filter>Header Files\Components</Filter>
    </ClInclude>
    <ClInclude Include="EntityBehaviour.h">
      <Filter>Header Files\ECS</Filter>
    </ClInclude>
    <ClInclude Include="ComponentsList.h">
      <Filter>Header Files\Components</Filter>
    </ClInclude>
    <ClInclude Include="SphereMove.h">
      <Filter>Header Files\EntityBehaviours</Filter>
    </ClInclude>
    <ClInclude Include="ECSystem.h">
      <Filter>Header Files\ECS</Filter>
    </ClInclude>
    <ClInclude Include="JumpMechanic.h">
      <Filter>Header Files\EntityBehaviours</Filter>
    </ClInclude>
  </ItemGroup>
  <ItemGroup>
    <None Include="default.frag">
      <Filter>Resource Files\Shaders</Filter>
    </None>
    <None Include="default.vert">
      <Filter>Resource Files\Shaders</Filter>
    </None>
    <None Include="skybox.vert">
      <Filter>Resource Files\Shaders</Filter>
    </None>
    <None Include="skybox.frag">
      <Filter>Resource Files\Shaders</Filter>
    </None>
  </ItemGroup>
</Project>